
Microsoft Visual Studio Solution File, Format Version 12.00
# Visual Studio Version 17
VisualStudioVersion = 17.1.32414.318
MinimumVisualStudioVersion = 10.0.40219.1
Project("{FAE04EC0-301F-11D3-BF4B-00C04F79EFBC}") = "ApiTestDotNet", "ApiTestDotNet\ApiTestDotNet.csproj", "{AC38BDAF-A9B0-4AF4-AFC9-0EFD930CC231}"
EndProject
Global
	GlobalSection(SolutionConfigurationPlatforms) = preSolution
		Debug|Any CPU = Debug|Any CPU
		Release|Any CPU = Release|Any CPU
	EndGlobalSection
	GlobalSection(ProjectConfigurationPlatforms) = postSolution
		{AC38BDAF-A9B0-4AF4-AFC9-0EFD930CC231}.Debug|Any CPU.ActiveCfg = Debug|Any CPU
		{AC38BDAF-A9B0-4AF4-AFC9-0EFD930CC231}.Debug|Any CPU.Build.0 = Debug|Any CPU
		{AC38BDAF-A9B0-4AF4-AFC9-0EFD930CC231}.Release|Any CPU.ActiveCfg = Release|Any CPU
		{AC38BDAF-A9B0-4AF4-AFC9-0EFD930CC231}.Release|Any CPU.Build.0 = Release|Any CPU
	EndGlobalSection
	GlobalSection(SolutionProperties) = preSolution
		HideSolutionNode = FALSE
	EndGlobalSection
	GlobalSection(ExtensibilityGlobals) = postSolution
		SolutionGuid = {7C421BE9-5057-41C1-B189-5FC304B3C191}
	EndGlobalSection
EndGlobal
